
Microsoft Visual Studio Solution File, Format Version 12.00
# Visual Studio 14
VisualStudioVersion = 14.0.23107.0
MinimumVisualStudioVersion = 10.0.40219.1
Project("{FAE04EC0-301F-11D3-BF4B-00C04F79EFBC}") = "SpreadSheet", "AbstractSpreadSheet\SpreadSheet.csproj", "{3A486256-7341-466E-B825-F26495FE796A}"
EndProject
Project("{FAE04EC0-301F-11D3-BF4B-00C04F79EFBC}") = "Resources", "Resources\Resources.csproj", "{0FD8E2B7-7582-4936-B7EE-BBC96A4EDDC0}"
EndProject
Project("{FAE04EC0-301F-11D3-BF4B-00C04F79EFBC}") = "PS4Test", "PS4Test\PS4Test.csproj", "{F5FF40E2-CB54-4CD2-A0AC-93527FB84423}"
EndProject
Project("{FAE04EC0-301F-11D3-BF4B-00C04F79EFBC}") = "PS4ConsoleTest", "PS4ConsoleTest\PS4ConsoleTest.csproj", "{52506442-C95A-466C-8BB4-2C013B3FAFEC}"
EndProject
Project("{FAE04EC0-301F-11D3-BF4B-00C04F79EFBC}") = "SpreadsheetGUI", "SpreadsheetGUI\SpreadsheetGUI.csproj", "{D90914C4-B1FC-49B5-952C-5912765AE8E4}"
EndProject
Project("{FAE04EC0-301F-11D3-BF4B-00C04F79EFBC}") = "SpreadSheetTesting", "SpreadSheetTesting\SpreadSheetTesting.csproj", "{C4ACBAD1-EEFF-4174-89DB-1C13E8467E43}"
EndProject
Global
	GlobalSection(SolutionConfigurationPlatforms) = preSolution
		Debug|Any CPU = Debug|Any CPU
		Release|Any CPU = Release|Any CPU
	EndGlobalSection
	GlobalSection(ProjectConfigurationPlatforms) = postSolution
		{3A486256-7341-466E-B825-F26495FE796A}.Debug|Any CPU.ActiveCfg = Debug|Any CPU
		{3A486256-7341-466E-B825-F26495FE796A}.Debug|Any CPU.Build.0 = Debug|Any CPU
		{3A486256-7341-466E-B825-F26495FE796A}.Release|Any CPU.ActiveCfg = Release|Any CPU
		{3A486256-7341-466E-B825-F26495FE796A}.Release|Any CPU.Build.0 = Release|Any CPU
		{0FD8E2B7-7582-4936-B7EE-BBC96A4EDDC0}.Debug|Any CPU.ActiveCfg = Debug|Any CPU
		{0FD8E2B7-7582-4936-B7EE-BBC96A4EDDC0}.Release|Any CPU.ActiveCfg = Release|Any CPU
		{0FD8E2B7-7582-4936-B7EE-BBC96A4EDDC0}.Release|Any CPU.Build.0 = Release|Any CPU
		{F5FF40E2-CB54-4CD2-A0AC-93527FB84423}.Debug|Any CPU.ActiveCfg = Debug|Any CPU
		{F5FF40E2-CB54-4CD2-A0AC-93527FB84423}.Debug|Any CPU.Build.0 = Debug|Any CPU
		{F5FF40E2-CB54-4CD2-A0AC-93527FB84423}.Release|Any CPU.ActiveCfg = Release|Any CPU
		{F5FF40E2-CB54-4CD2-A0AC-93527FB84423}.Release|Any CPU.Build.0 = Release|Any CPU
		{52506442-C95A-466C-8BB4-2C013B3FAFEC}.Debug|Any CPU.ActiveCfg = Debug|Any CPU
		{52506442-C95A-466C-8BB4-2C013B3FAFEC}.Debug|Any CPU.Build.0 = Debug|Any CPU
		{52506442-C95A-466C-8BB4-2C013B3FAFEC}.Release|Any CPU.ActiveCfg = Release|Any CPU
		{52506442-C95A-466C-8BB4-2C013B3FAFEC}.Release|Any CPU.Build.0 = Release|Any CPU
		{D90914C4-B1FC-49B5-952C-5912765AE8E4}.Debug|Any CPU.ActiveCfg = Debug|Any CPU
		{D90914C4-B1FC-49B5-952C-5912765AE8E4}.Debug|Any CPU.Build.0 = Debug|Any CPU
		{D90914C4-B1FC-49B5-952C-5912765AE8E4}.Release|Any CPU.ActiveCfg = Release|Any CPU
		{D90914C4-B1FC-49B5-952C-5912765AE8E4}.Release|Any CPU.Build.0 = Release|Any CPU
		{C4ACBAD1-EEFF-4174-89DB-1C13E8467E43}.Debug|Any CPU.ActiveCfg = Debug|Any CPU
		{C4ACBAD1-EEFF-4174-89DB-1C13E8467E43}.Debug|Any CPU.Build.0 = Debug|Any CPU
		{C4ACBAD1-EEFF-4174-89DB-1C13E8467E43}.Release|Any CPU.ActiveCfg = Release|Any CPU
		{C4ACBAD1-EEFF-4174-89DB-1C13E8467E43}.Release|Any CPU.Build.0 = Release|Any CPU
	EndGlobalSection
	GlobalSection(SolutionProperties) = preSolution
		HideSolutionNode = FALSE
	EndGlobalSection
EndGlobal
