
Microsoft Visual Studio Solution File, Format Version 12.00
# Visual Studio 14
VisualStudioVersion = 14.0.23107.0
MinimumVisualStudioVersion = 10.0.40219.1
Project("{FAE04EC0-301F-11D3-BF4B-00C04F79EFBC}") = "FormulaEvaluator", "FormulaEvaluator\FormulaEvaluator.csproj", "{FB8E33EB-300D-4A4A-9ED2-BE5747A0E3C0}"
EndProject
Project("{FAE04EC0-301F-11D3-BF4B-00C04F79EFBC}") = "EvaluatorTester", "ConsoleApplication1\EvaluatorTester.csproj", "{1CA76092-C4A2-4777-9EDC-2297F97ACE8E}"
EndProject
Project("{FAE04EC0-301F-11D3-BF4B-00C04F79EFBC}") = "UnitTestProject1", "UnitTestProject1\UnitTestProject1.csproj", "{F27ADD87-3E75-4537-A7A4-3FCD21B5910E}"
EndProject
Global
	GlobalSection(SolutionConfigurationPlatforms) = preSolution
		Debug|Any CPU = Debug|Any CPU
		Release|Any CPU = Release|Any CPU
	EndGlobalSection
	GlobalSection(ProjectConfigurationPlatforms) = postSolution
		{FB8E33EB-300D-4A4A-9ED2-BE5747A0E3C0}.Debug|Any CPU.ActiveCfg = Debug|Any CPU
		{FB8E33EB-300D-4A4A-9ED2-BE5747A0E3C0}.Debug|Any CPU.Build.0 = Debug|Any CPU
		{FB8E33EB-300D-4A4A-9ED2-BE5747A0E3C0}.Release|Any CPU.ActiveCfg = Release|Any CPU
		{FB8E33EB-300D-4A4A-9ED2-BE5747A0E3C0}.Release|Any CPU.Build.0 = Release|Any CPU
		{1CA76092-C4A2-4777-9EDC-2297F97ACE8E}.Debug|Any CPU.ActiveCfg = Debug|Any CPU
		{1CA76092-C4A2-4777-9EDC-2297F97ACE8E}.Debug|Any CPU.Build.0 = Debug|Any CPU
		{1CA76092-C4A2-4777-9EDC-2297F97ACE8E}.Release|Any CPU.ActiveCfg = Release|Any CPU
		{1CA76092-C4A2-4777-9EDC-2297F97ACE8E}.Release|Any CPU.Build.0 = Release|Any CPU
		{F27ADD87-3E75-4537-A7A4-3FCD21B5910E}.Debug|Any CPU.ActiveCfg = Debug|Any CPU
		{F27ADD87-3E75-4537-A7A4-3FCD21B5910E}.Debug|Any CPU.Build.0 = Debug|Any CPU
		{F27ADD87-3E75-4537-A7A4-3FCD21B5910E}.Release|Any CPU.ActiveCfg = Release|Any CPU
		{F27ADD87-3E75-4537-A7A4-3FCD21B5910E}.Release|Any CPU.Build.0 = Release|Any CPU
	EndGlobalSection
	GlobalSection(SolutionProperties) = preSolution
		HideSolutionNode = FALSE
	EndGlobalSection
EndGlobal
