
Microsoft Visual Studio Solution File, Format Version 12.00
# Visual Studio 14
VisualStudioVersion = 14.0.23107.0
MinimumVisualStudioVersion = 10.0.40219.1
Project("{FAE04EC0-301F-11D3-BF4B-00C04F79EFBC}") = "AgCubio", "AgCubio\AgCubio.csproj", "{03281696-F54A-4833-B0B8-4A324B3140F8}"
EndProject
Project("{FAE04EC0-301F-11D3-BF4B-00C04F79EFBC}") = "NetworkController", "NetworkController\NetworkController.csproj", "{03DD4C9E-4FA2-4230-BB33-903C5E04B287}"
EndProject
Project("{FAE04EC0-301F-11D3-BF4B-00C04F79EFBC}") = "Resources", "Resources\Resources.csproj", "{6197F8DE-1199-49D5-B9FD-0A0163746F17}"
EndProject
Project("{FAE04EC0-301F-11D3-BF4B-00C04F79EFBC}") = "AgCubioView", "AgCubioView\AgCubioView.csproj", "{17FCAFD1-2758-4446-9BC8-AE5DEDE27621}"
EndProject
Project("{FAE04EC0-301F-11D3-BF4B-00C04F79EFBC}") = "Server", "Server\Server.csproj", "{5E517C3A-9397-4EA3-B5A9-44B64D50C724}"
EndProject
Project("{FAE04EC0-301F-11D3-BF4B-00C04F79EFBC}") = "ModelNetworkTest", "ModelNetworkTest\ModelNetworkTest.csproj", "{8DF6527A-A3D1-4DAB-A465-CF2876F88EE8}"
EndProject
Global
	GlobalSection(SolutionConfigurationPlatforms) = preSolution
		Debug|Any CPU = Debug|Any CPU
		Release|Any CPU = Release|Any CPU
	EndGlobalSection
	GlobalSection(ProjectConfigurationPlatforms) = postSolution
		{03281696-F54A-4833-B0B8-4A324B3140F8}.Debug|Any CPU.ActiveCfg = Debug|Any CPU
		{03281696-F54A-4833-B0B8-4A324B3140F8}.Debug|Any CPU.Build.0 = Debug|Any CPU
		{03281696-F54A-4833-B0B8-4A324B3140F8}.Release|Any CPU.ActiveCfg = Release|Any CPU
		{03281696-F54A-4833-B0B8-4A324B3140F8}.Release|Any CPU.Build.0 = Release|Any CPU
		{03DD4C9E-4FA2-4230-BB33-903C5E04B287}.Debug|Any CPU.ActiveCfg = Debug|Any CPU
		{03DD4C9E-4FA2-4230-BB33-903C5E04B287}.Debug|Any CPU.Build.0 = Debug|Any CPU
		{03DD4C9E-4FA2-4230-BB33-903C5E04B287}.Release|Any CPU.ActiveCfg = Release|Any CPU
		{03DD4C9E-4FA2-4230-BB33-903C5E04B287}.Release|Any CPU.Build.0 = Release|Any CPU
		{6197F8DE-1199-49D5-B9FD-0A0163746F17}.Debug|Any CPU.ActiveCfg = Debug|Any CPU
		{6197F8DE-1199-49D5-B9FD-0A0163746F17}.Release|Any CPU.ActiveCfg = Release|Any CPU
		{6197F8DE-1199-49D5-B9FD-0A0163746F17}.Release|Any CPU.Build.0 = Release|Any CPU
		{17FCAFD1-2758-4446-9BC8-AE5DEDE27621}.Debug|Any CPU.ActiveCfg = Debug|Any CPU
		{17FCAFD1-2758-4446-9BC8-AE5DEDE27621}.Debug|Any CPU.Build.0 = Debug|Any CPU
		{17FCAFD1-2758-4446-9BC8-AE5DEDE27621}.Release|Any CPU.ActiveCfg = Release|Any CPU
		{17FCAFD1-2758-4446-9BC8-AE5DEDE27621}.Release|Any CPU.Build.0 = Release|Any CPU
		{5E517C3A-9397-4EA3-B5A9-44B64D50C724}.Debug|Any CPU.ActiveCfg = Debug|Any CPU
		{5E517C3A-9397-4EA3-B5A9-44B64D50C724}.Debug|Any CPU.Build.0 = Debug|Any CPU
		{5E517C3A-9397-4EA3-B5A9-44B64D50C724}.Release|Any CPU.ActiveCfg = Release|Any CPU
		{5E517C3A-9397-4EA3-B5A9-44B64D50C724}.Release|Any CPU.Build.0 = Release|Any CPU
		{8DF6527A-A3D1-4DAB-A465-CF2876F88EE8}.Debug|Any CPU.ActiveCfg = Debug|Any CPU
		{8DF6527A-A3D1-4DAB-A465-CF2876F88EE8}.Debug|Any CPU.Build.0 = Debug|Any CPU
		{8DF6527A-A3D1-4DAB-A465-CF2876F88EE8}.Release|Any CPU.ActiveCfg = Release|Any CPU
		{8DF6527A-A3D1-4DAB-A465-CF2876F88EE8}.Release|Any CPU.Build.0 = Release|Any CPU
	EndGlobalSection
	GlobalSection(SolutionProperties) = preSolution
		HideSolutionNode = FALSE
	EndGlobalSection
EndGlobal
